
Microsoft Visual Studio Solution File, Format Version 12.00
# Visual Studio Version 16
VisualStudioVersion = 16.0.28803.202
MinimumVisualStudioVersion = 10.0.40219.1
Project("{FAE04EC0-301F-11D3-BF4B-00C04F79EFBC}") = "MyCode1", "MyCode1\MyCode1.csproj", "{D423354C-5F23-4C75-9E18-09ED17DF1046}"
EndProject
Global
	GlobalSection(SolutionConfigurationPlatforms) = preSolution
		Debug|Any CPU = Debug|Any CPU
		Release|Any CPU = Release|Any CPU
	EndGlobalSection
	GlobalSection(ProjectConfigurationPlatforms) = postSolution
		{D423354C-5F23-4C75-9E18-09ED17DF1046}.Debug|Any CPU.ActiveCfg = Debug|Any CPU
		{D423354C-5F23-4C75-9E18-09ED17DF1046}.Debug|Any CPU.Build.0 = Debug|Any CPU
		{D423354C-5F23-4C75-9E18-09ED17DF1046}.Release|Any CPU.ActiveCfg = Release|Any CPU
		{D423354C-5F23-4C75-9E18-09ED17DF1046}.Release|Any CPU.Build.0 = Release|Any CPU
	EndGlobalSection
	GlobalSection(SolutionProperties) = preSolution
		HideSolutionNode = FALSE
	EndGlobalSection
	GlobalSection(ExtensibilityGlobals) = postSolution
		SolutionGuid = {9B39FC32-245F-428F-9BFA-001F60CA96D0}
	EndGlobalSection
EndGlobal
